main:
  namespace: io.github.gmazzo.android.manifest.lock.demo
  minSDK: 24
  targetSDK: 34
  permissions:
  - android.permission.ACCESS_NETWORK_STATE
  - android.permission.FOREGROUND_SERVICE
  - android.permission.RECEIVE_BOOT_COMPLETED
  - android.permission.WAKE_LOCK
  - io.github.gmazzo.android.manifest.lock.demo.DYNAMIC_RECEIVER_NOT_EXPORTED_PERMISSION
  features:
  - glEsVersion: 0x00020000
    required: true
  libraries:
  - org.apache.http.legacy:
      required: false
  nativeLibraries:
  - libnative-lib.so:
      requiredBy: manifest
      required: false
  - libimage_processing_util_jni:
      requiredBy: androidx.camera:camera-core
      abis:
      - arm64-v8a
      - armeabi-v7a
      - x86
      - x86_64
  exports:
    activity:
    - io.github.gmazzo.android.manifest.lock.demo.MainActivity
    service:
    - androidx.work.impl.background.systemjob.SystemJobService
    receiver:
    - androidx.work.impl.diagnostics.DiagnosticsReceiver
variants:
  debug:
    configurations:
    - reqFiveWayNav: true
      reqNavigation: trackball
    permissions:
    - android.permission.POST_NOTIFICATIONS
    - android.permission.READ_EXTERNAL_STORAGE
    - android.permission.WRITE_EXTERNAL_STORAGE
    exports:
      activity:
      - leakcanary.internal.activity.LeakActivity
      activity-alias:
      - leakcanary.internal.activity.LeakLauncherActivity
  release:
    configurations:
    - reqFiveWayNav: true
      reqKeyboardType: qwerty
    permissions:
    - android.permission.INTERNET
    nativeLibraries:
    - libcrashlytics:
        requiredBy: com.google.firebase:firebase-crashlytics-ndk
        abis:
        - arm64-v8a
        - armeabi-v7a
        - x86
        - x86_64
    - libcrashlytics-common:
        requiredBy: com.google.firebase:firebase-crashlytics-ndk
        abis:
        - arm64-v8a
        - armeabi-v7a
        - x86
        - x86_64
    - libcrashlytics-handler:
        requiredBy: com.google.firebase:firebase-crashlytics-ndk
        abis:
        - arm64-v8a
        - armeabi-v7a
        - x86
        - x86_64
    - libcrashlytics-trampoline:
        requiredBy: com.google.firebase:firebase-crashlytics-ndk
        abis:
        - arm64-v8a
        - armeabi-v7a
        - x86
        - x86_64
fingerprint: 3ea645556e4cce4a3eebbb7543291eec
